
Microsoft Visual Studio Solution File, Format Version 12.00
# Visual Studio Version 16
VisualStudioVersion = 25.0.1706.8
MinimumVisualStudioVersion = 10.0.40219.1
Project("{FAE04EC0-301F-11D3-BF4B-00C04F79EFBC}") = "Exercise_C", "Exercise_C\Exercise_C.csproj", "{FE98F2BA-50C3-4B07-80B6-9EED9C4686AE}"
EndProject
Global
	GlobalSection(SolutionConfigurationPlatforms) = preSolution
		Debug|Any CPU = Debug|Any CPU
		Release|Any CPU = Release|Any CPU
	EndGlobalSection
	GlobalSection(ProjectConfigurationPlatforms) = postSolution
		{FE98F2BA-50C3-4B07-80B6-9EED9C4686AE}.Debug|Any CPU.ActiveCfg = Debug|Any CPU
		{FE98F2BA-50C3-4B07-80B6-9EED9C4686AE}.Debug|Any CPU.Build.0 = Debug|Any CPU
		{FE98F2BA-50C3-4B07-80B6-9EED9C4686AE}.Release|Any CPU.ActiveCfg = Release|Any CPU
		{FE98F2BA-50C3-4B07-80B6-9EED9C4686AE}.Release|Any CPU.Build.0 = Release|Any CPU
	EndGlobalSection
	GlobalSection(SolutionProperties) = preSolution
		HideSolutionNode = FALSE
	EndGlobalSection
	GlobalSection(ExtensibilityGlobals) = postSolution
		SolutionGuid = {748F10CE-7067-4D69-B2C0-55CCB79A4C11}
	EndGlobalSection
EndGlobal
